// !$*UTF8*$!
{
	archiveVersion = 1;
	classes = {
	};
	objectVersion = 51;
	objects = {

/* Begin PBXBuildFile section */
		6EA5EBB9248D014800073EE4 /* AppDelegate.swift in Sources */ = {isa = PBXBuildFile; fileRef = 6EA5EBB8248D014800073EE4 /* AppDelegate.swift */; };
		6EA5EBBB248D014800073EE4 /* SceneDelegate.swift in Sources */ = {isa = PBXBuildFile; fileRef = 6EA5EBBA248D014800073EE4 /* SceneDelegate.swift */; };
		6EA5EBC0248D014800073EE4 /* Main.storyboard in Resources */ = {isa = PBXBuildFile; fileRef = 6EA5EBBE248D014800073EE4 /* Main.storyboard */; };
		6EA5EBC2248D014900073EE4 /* Assets.xcassets in Resources */ = {isa = PBXBuildFile; fileRef = 6EA5EBC1248D014900073EE4 /* Assets.xcassets */; };
		6EA5EBC5248D014900073EE4 /* LaunchScreen.storyboard in Resources */ = {isa = PBXBuildFile; fileRef = 6EA5EBC3248D014900073EE4 /* LaunchScreen.storyboard */; };
		6EA5EBCD248D034E00073EE4 /* NewsController.swift in Sources */ = {isa = PBXBuildFile; fileRef = 6EA5EBCC248D034E00073EE4 /* NewsController.swift */; };
		6EA5EBD8248D04BD00073EE4 /* RxCocoa.framework in Frameworks */ = {isa = PBXBuildFile; fileRef = 6EA5EBD1248D04BD00073EE4 /* RxCocoa.framework */; };
		6EA5EBD9248D04BD00073EE4 /* RxCocoa.framework in Embed Frameworks */ = {isa = PBXBuildFile; fileRef = 6EA5EBD1248D04BD00073EE4 /* RxCocoa.framework */; settings = {ATTRIBUTES = (CodeSignOnCopy, RemoveHeadersOnCopy, ); }; };
		6EA5EBDA248D04BD00073EE4 /* RxSwift.framework in Frameworks */ = {isa = PBXBuildFile; fileRef = 6EA5EBD2248D04BD00073EE4 /* RxSwift.framework */; };
		6EA5EBDB248D04BD00073EE4 /* RxSwift.framework in Embed Frameworks */ = {isa = PBXBuildFile; fileRef = 6EA5EBD2248D04BD00073EE4 /* RxSwift.framework */; settings = {ATTRIBUTES = (CodeSignOnCopy, RemoveHeadersOnCopy, ); }; };
		6EA5EBDC248D04BD00073EE4 /* SnapKit.framework in Frameworks */ = {isa = PBXBuildFile; fileRef = 6EA5EBD3248D04BD00073EE4 /* SnapKit.framework */; };
		6EA5EBDD248D04BD00073EE4 /* SnapKit.framework in Embed Frameworks */ = {isa = PBXBuildFile; fileRef = 6EA5EBD3248D04BD00073EE4 /* SnapKit.framework */; settings = {ATTRIBUTES = (CodeSignOnCopy, RemoveHeadersOnCopy, ); }; };
		6EA5EBE2248D05D800073EE4 /* RxRelay.framework in Frameworks */ = {isa = PBXBuildFile; fileRef = 6EA5EBE1248D05D800073EE4 /* RxRelay.framework */; };
		6EA5EBE3248D05D800073EE4 /* RxRelay.framework in Embed Frameworks */ = {isa = PBXBuildFile; fileRef = 6EA5EBE1248D05D800073EE4 /* RxRelay.framework */; settings = {ATTRIBUTES = (CodeSignOnCopy, RemoveHeadersOnCopy, ); }; };
		6EA5EBE5248D08E500073EE4 /* Request.swift in Sources */ = {isa = PBXBuildFile; fileRef = 6EA5EBE4248D08E500073EE4 /* Request.swift */; };
		6EA5EBE7248D14AE00073EE4 /* Helpers.swift in Sources */ = {isa = PBXBuildFile; fileRef = 6EA5EBE6248D14AE00073EE4 /* Helpers.swift */; };
/* End PBXBuildFile section */

/* Begin PBXCopyFilesBuildPhase section */
		6EA5EBDE248D04BD00073EE4 /* Embed Frameworks */ = {
			isa = PBXCopyFilesBuildPhase;
			buildActionMask = 2147483647;
			dstPath = "";
			dstSubfolderSpec = 10;
			files = (
				6EA5EBDB248D04BD00073EE4 /* RxSwift.framework in Embed Frameworks */,
				6EA5EBD9248D04BD00073EE4 /* RxCocoa.framework in Embed Frameworks */,
				6EA5EBE3248D05D800073EE4 /* RxRelay.framework in Embed Frameworks */,
				6EA5EBDD248D04BD00073EE4 /* SnapKit.framework in Embed Frameworks */,
			);
			name = "Embed Frameworks";
			runOnlyForDeploymentPostprocessing = 0;
		};
/* End PBXCopyFilesBuildPhase section */

/* Begin PBXFileReference section */
		6EA5EBB5248D014800073EE4 /* TestTask.app */ = {isa = PBXFileReference; explicitFileType = wrapper.application; includeInIndex = 0; path = TestTask.app; sourceTree = BUILT_PRODUCTS_DIR; };
		6EA5EBB8248D014800073EE4 /* AppDelegate.swift */ = {isa = PBXFileReference; lastKnownFileType = sourcecode.swift; path = AppDelegate.swift; sourceTree = "<group>"; };
		6EA5EBBA248D014800073EE4 /* SceneDelegate.swift */ = {isa = PBXFileReference; lastKnownFileType = sourcecode.swift; path = SceneDelegate.swift; sourceTree = "<group>"; };
		6EA5EBBF248D014800073EE4 /* Base */ = {isa = PBXFileReference; lastKnownFileType = file.storyboard; name = Base; path = Base.lproj/Main.storyboard; sourceTree = "<group>"; };
		6EA5EBC1248D014900073EE4 /* Assets.xcassets */ = {isa = PBXFileReference; lastKnownFileType = folder.assetcatalog; path = Assets.xcassets; sourceTree = "<group>"; };
		6EA5EBC4248D014900073EE4 /* Base */ = {isa = PBXFileReference; lastKnownFileType = file.storyboard; name = Base; path = Base.lproj/LaunchScreen.storyboard; sourceTree = "<group>"; };
		6EA5EBC6248D014900073EE4 /* Info.plist */ = {isa = PBXFileReference; lastKnownFileType = text.plist.xml; path = Info.plist; sourceTree = "<group>"; };
		6EA5EBCC248D034E00073EE4 /* NewsController.swift */ = {isa = PBXFileReference; lastKnownFileType = sourcecode.swift; path = NewsController.swift; sourceTree = "<group>"; };
		6EA5EBCF248D04BD00073EE4 /* RxDataSources.framework */ = {isa = PBXFileReference; lastKnownFileType = wrapper.framework; name = RxDataSources.framework; path = Carthage/Build/iOS/RxDataSources.framework; sourceTree = "<group>"; };
		6EA5EBD0248D04BD00073EE4 /* Differentiator.framework */ = {isa = PBXFileReference; lastKnownFileType = wrapper.framework; name = Differentiator.framework; path = Carthage/Build/iOS/Differentiator.framework; sourceTree = "<group>"; };
		6EA5EBD1248D04BD00073EE4 /* RxCocoa.framework */ = {isa = PBXFileReference; lastKnownFileType = wrapper.framework; name = RxCocoa.framework; path = Carthage/Build/iOS/RxCocoa.framework; sourceTree = "<group>"; };
		6EA5EBD2248D04BD00073EE4 /* RxSwift.framework */ = {isa = PBXFileReference; lastKnownFileType = wrapper.framework; name = RxSwift.framework; path = Carthage/Build/iOS/RxSwift.framework; sourceTree = "<group>"; };
		6EA5EBD3248D04BD00073EE4 /* SnapKit.framework */ = {isa = PBXFileReference; lastKnownFileType = wrapper.framework; name = SnapKit.framework; path = Carthage/Build/iOS/SnapKit.framework; sourceTree = "<group>"; };
		6EA5EBE1248D05D800073EE4 /* RxRelay.framework */ = {isa = PBXFileReference; lastKnownFileType = wrapper.framework; name = RxRelay.framework; path = Carthage/Build/iOS/RxRelay.framework; sourceTree = "<group>"; };
		6EA5EBE4248D08E500073EE4 /* Request.swift */ = {isa = PBXFileReference; lastKnownFileType = sourcecode.swift; path = Request.swift; sourceTree = "<group>"; };
		6EA5EBE6248D14AE00073EE4 /* Helpers.swift */ = {isa = PBXFileReference; lastKnownFileType = sourcecode.swift; path = Helpers.swift; sourceTree = "<group>"; };
/* End PBXFileReference section */

/* Begin PBXFrameworksBuildPhase section */
		6EA5EBB2248D014800073EE4 /* Frameworks */ = {
			isa = PBXFrameworksBuildPhase;
			buildActionMask = 2147483647;
			files = (
				6EA5EBDA248D04BD00073EE4 /* RxSwift.framework in Frameworks */,
				6EA5EBD8248D04BD00073EE4 /* RxCocoa.framework in Frameworks */,
				6EA5EBE2248D05D800073EE4 /* RxRelay.framework in Frameworks */,
				6EA5EBDC248D04BD00073EE4 /* SnapKit.framework in Frameworks */,
			);
			runOnlyForDeploymentPostprocessing = 0;
		};
/* End PBXFrameworksBuildPhase section */

/* Begin PBXGroup section */
		6EA5EBAC248D014800073EE4 = {
			isa = PBXGroup;
			children = (
				6EA5EBB7248D014800073EE4 /* TestTask */,
				6EA5EBB6248D014800073EE4 /* Products */,
				6EA5EBCE248D04BD00073EE4 /* Frameworks */,
			);
			sourceTree = "<group>";
		};
		6EA5EBB6248D014800073EE4 /* Products */ = {
			isa = PBXGroup;
			children = (
				6EA5EBB5248D014800073EE4 /* TestTask.app */,
			);
			name = Products;
			sourceTree = "<group>";
		};
		6EA5EBB7248D014800073EE4 /* TestTask */ = {
			isa = PBXGroup;
			children = (
				6EA5EBB8248D014800073EE4 /* AppDelegate.swift */,
				6EA5EBBA248D014800073EE4 /* SceneDelegate.swift */,
				6EA5EBBE248D014800073EE4 /* Main.storyboard */,
				6EA5EBC1248D014900073EE4 /* Assets.xcassets */,
				6EA5EBC3248D014900073EE4 /* LaunchScreen.storyboard */,
				6EA5EBC6248D014900073EE4 /* Info.plist */,
				6EA5EBCC248D034E00073EE4 /* NewsController.swift */,
				6EA5EBE4248D08E500073EE4 /* Request.swift */,
				6EA5EBE6248D14AE00073EE4 /* Helpers.swift */,
			);
			path = TestTask;
			sourceTree = "<group>";
		};
		6EA5EBCE248D04BD00073EE4 /* Frameworks */ = {
			isa = PBXGroup;
			children = (
				6EA5EBE1248D05D800073EE4 /* RxRelay.framework */,
				6EA5EBD0248D04BD00073EE4 /* Differentiator.framework */,
				6EA5EBD1248D04BD00073EE4 /* RxCocoa.framework */,
				6EA5EBCF248D04BD00073EE4 /* RxDataSources.framework */,
				6EA5EBD2248D04BD00073EE4 /* RxSwift.framework */,
				6EA5EBD3248D04BD00073EE4 /* SnapKit.framework */,
			);
			name = Frameworks;
			sourceTree = "<group>";
		};
/* End PBXGroup section */

/* Begin PBXNativeTarget section */
		6EA5EBB4248D014800073EE4 /* TestTask */ = {
			isa = PBXNativeTarget;
			buildConfigurationList = 6EA5EBC9248D014900073EE4 /* Build configuration list for PBXNativeTarget "TestTask" */;
			buildPhases = (
				6EA5EBB1248D014800073EE4 /* Sources */,
				6EA5EBB2248D014800073EE4 /* Frameworks */,
				6EA5EBB3248D014800073EE4 /* Resources */,
				6EA5EBDE248D04BD00073EE4 /* Embed Frameworks */,
				6EA5EBE0248D04F200073EE4 /* Carthage */,
			);
			buildRules = (
			);
			dependencies = (
			);
			name = TestTask;
			productName = TestTask;
			productReference = 6EA5EBB5248D014800073EE4 /* TestTask.app */;
			productType = "com.apple.product-type.application";
		};
/* End PBXNativeTarget section */

/* Begin PBXProject section */
		6EA5EBAD248D014800073EE4 /* Project object */ = {
			isa = PBXProject;
			attributes = {
				LastSwiftUpdateCheck = 1150;
				LastUpgradeCheck = 1150;
				ORGANIZATIONNAME = "Anton Efimenko";
				TargetAttributes = {
					6EA5EBB4248D014800073EE4 = {
						CreatedOnToolsVersion = 11.5;
					};
				};
			};
			buildConfigurationList = 6EA5EBB0248D014800073EE4 /* Build configuration list for PBXProject "TestTask" */;
			compatibilityVersion = "Xcode 9.3";
			developmentRegion = en;
			hasScannedForEncodings = 0;
			knownRegions = (
				en,
				Base,
			);
			mainGroup = 6EA5EBAC248D014800073EE4;
			productRefGroup = 6EA5EBB6248D014800073EE4 /* Products */;
			projectDirPath = "";
			projectRoot = "";
			targets = (
				6EA5EBB4248D014800073EE4 /* TestTask */,
			);
		};
/* End PBXProject section */

/* Begin PBXResourcesBuildPhase section */
		6EA5EBB3248D014800073EE4 /* Resources */ = {
			isa = PBXResourcesBuildPhase;
			buildActionMask = 2147483647;
			files = (
				6EA5EBC5248D014900073EE4 /* LaunchScreen.storyboard in Resources */,
				6EA5EBC2248D014900073EE4 /* Assets.xcassets in Resources */,
				6EA5EBC0248D014800073EE4 /* Main.storyboard in Resources */,
			);
			runOnlyForDeploymentPostprocessing = 0;
		};
/* End PBXResourcesBuildPhase section */

/* Begin PBXShellScriptBuildPhase section */
		6EA5EBE0248D04F200073EE4 /* Carthage */ = {
			isa = PBXShellScriptBuildPhase;
			buildActionMask = 2147483647;
			files = (
			);
			inputFileListPaths = (
				"$(SRCROOT)/Carthage/Build/iOS/RxSwift.framework",
				"$(SRCROOT)/Carthage/Build/iOS/RxCocoa.framework",
				"$(SRCROOT)/Carthage/Build/iOS/SnapKit.framework",
				"$(SRCROOT)/Carthage/Build/iOS/RxRelay.framework",
			);
			inputPaths = (
			);
			name = Carthage;
			outputFileListPaths = (
			);
			outputPaths = (
			);
			runOnlyForDeploymentPostprocessing = 0;
			shellPath = /bin/sh;
			shellScript = "# Type a script or drag a script file from your workspace to insert its path.\n/usr/local/bin/carthage copy-frameworks\n";
		};
/* End PBXShellScriptBuildPhase section */

/* Begin PBXSourcesBuildPhase section */
		6EA5EBB1248D014800073EE4 /* Sources */ = {
			isa = PBXSourcesBuildPhase;
			buildActionMask = 2147483647;
			files = (
				6EA5EBCD248D034E00073EE4 /* NewsController.swift in Sources */,
				6EA5EBE7248D14AE00073EE4 /* Helpers.swift in Sources */,
				6EA5EBE5248D08E500073EE4 /* Request.swift in Sources */,
				6EA5EBB9248D014800073EE4 /* AppDelegate.swift in Sources */,
				6EA5EBBB248D014800073EE4 /* SceneDelegate.swift in Sources */,
			);
			runOnlyForDeploymentPostprocessing = 0;
		};
/* End PBXSourcesBuildPhase section */

/* Begin PBXVariantGroup section */
		6EA5EBBE248D014800073EE4 /* Main.storyboard */ = {
			isa = PBXVariantGroup;
			children = (
				6EA5EBBF248D014800073EE4 /* Base */,
			);
			name = Main.storyboard;
			sourceTree = "<group>";
		};
		6EA5EBC3248D014900073EE4 /* LaunchScreen.storyboard */ = {
			isa = PBXVariantGroup;
			children = (
				6EA5EBC4248D014900073EE4 /* Base */,
			);
			name = LaunchScreen.storyboard;
			sourceTree = "<group>";
		};
/* End PBXVariantGroup section */

/* Begin XCBuildConfiguration section */
		6EA5EBC7248D014900073EE4 /* Debug */ = {
			isa = XCBuildConfiguration;
			buildSettings = {
				ALWAYS_SEARCH_USER_PATHS = NO;
				CLANG_ANALYZER_NONNULL = YES;
				CLANG_ANALYZER_NUMBER_OBJECT_CONVERSION = YES_AGGRESSIVE;
				CLANG_CXX_LANGUAGE_STANDARD = "gnu++14";
				CLANG_CXX_LIBRARY = "libc++";
				CLANG_ENABLE_MODULES = YES;
				CLANG_ENABLE_OBJC_ARC = YES;
				CLANG_ENABLE_OBJC_WEAK = YES;
				CLANG_WARN_BLOCK_CAPTURE_AUTORELEASING = YES;
				CLANG_WARN_BOOL_CONVERSION = YES;
				CLANG_WARN_COMMA = YES;
				CLANG_WARN_CONSTANT_CONVERSION = YES;
				CLANG_WARN_DEPRECATED_OBJC_IMPLEMENTATIONS = YES;
				CLANG_WARN_DIRECT_OBJC_ISA_USAGE = YES_ERROR;
				CLANG_WARN_DOCUMENTATION_COMMENTS = YES;
				CLANG_WARN_EMPTY_BODY = YES;
				CLANG_WARN_ENUM_CONVERSION = YES;
				CLANG_WARN_INFINITE_RECURSION = YES;
				CLANG_WARN_INT_CONVERSION = YES;
				CLANG_WARN_NON_LITERAL_NULL_CONVERSION = YES;
				CLANG_WARN_OBJC_IMPLICIT_RETAIN_SELF = YES;
				CLANG_WARN_OBJC_LITERAL_CONVERSION = YES;
				CLANG_WARN_OBJC_ROOT_CLASS = YES_ERROR;
				CLANG_WARN_RANGE_LOOP_ANALYSIS = YES;
				CLANG_WARN_STRICT_PROTOTYPES = YES;
				CLANG_WARN_SUSPICIOUS_MOVE = YES;
				CLANG_WARN_UNGUARDED_AVAILABILITY = YES_AGGRESSIVE;
				CLANG_WARN_UNREACHABLE_CODE = YES;
				CLANG_WARN__DUPLICATE_METHOD_MATCH = YES;
				COPY_PHASE_STRIP = NO;
				DEBUG_INFORMATION_FORMAT = dwarf;
				ENABLE_STRICT_OBJC_MSGSEND = YES;
				ENABLE_TESTABILITY = YES;
				GCC_C_LANGUAGE_STANDARD = gnu11;
				GCC_DYNAMIC_NO_PIC = NO;
				GCC_NO_COMMON_BLOCKS = YES;
				GCC_OPTIMIZATION_LEVEL = 0;
				GCC_PREPROCESSOR_DEFINITIONS = (
					"DEBUG=1",
					"$(inherited)",
				);
				GCC_WARN_64_TO_32_BIT_CONVERSION = YES;
				GCC_WARN_ABOUT_RETURN_TYPE = YES_ERROR;
				GCC_WARN_UNDECLARED_SELECTOR = YES;
				GCC_WARN_UNINITIALIZED_AUTOS = YES_AGGRESSIVE;
				GCC_WARN_UNUSED_FUNCTION = YES;
				GCC_WARN_UNUSED_VARIABLE = YES;
				IPHONEOS_DEPLOYMENT_TARGET = 13.5;
				MTL_ENABLE_DEBUG_INFO = INCLUDE_SOURCE;
				MTL_FAST_MATH = YES;
				ONLY_ACTIVE_ARCH = YES;
				SDKROOT = iphoneos;
				SWIFT_ACTIVE_COMPILATION_CONDITIONS = DEBUG;
				SWIFT_OPTIMIZATION_LEVEL = "-Onone";
			};
			name = Debug;
		};
		6EA5EBC8248D014900073EE4 /* Release */ = {
			isa = XCBuildConfiguration;
			buildSettings = {
				ALWAYS_SEARCH_USER_PATHS = NO;
				CLANG_ANALYZER_NONNULL = YES;
				CLANG_ANALYZER_NUMBER_OBJECT_CONVERSION = YES_AGGRESSIVE;
				CLANG_CXX_LANGUAGE_STANDARD = "gnu++14";
				CLANG_CXX_LIBRARY = "libc++";
				CLANG_ENABLE_MODULES = YES;
				CLANG_ENABLE_OBJC_ARC = YES;
				CLANG_ENABLE_OBJC_WEAK = YES;
				CLANG_WARN_BLOCK_CAPTURE_AUTORELEASING = YES;
				CLANG_WARN_BOOL_CONVERSION = YES;
				CLANG_WARN_COMMA = YES;
				CLANG_WARN_CONSTANT_CONVERSION = YES;
				CLANG_WARN_DEPRECATED_OBJC_IMPLEMENTATIONS = YES;
				CLANG_WARN_DIRECT_OBJC_ISA_USAGE = YES_ERROR;
				CLANG_WARN_DOCUMENTATION_COMMENTS = YES;
				CLANG_WARN_EMPTY_BODY = YES;
				CLANG_WARN_ENUM_CONVERSION = YES;
				CLANG_WARN_INFINITE_RECURSION = YES;
				CLANG_WARN_INT_CONVERSION = YES;
				CLANG_WARN_NON_LITERAL_NULL_CONVERSION = YES;
				CLANG_WARN_OBJC_IMPLICIT_RETAIN_SELF = YES;
				CLANG_WARN_OBJC_LITERAL_CONVERSION = YES;
				CLANG_WARN_OBJC_ROOT_CLASS = YES_ERROR;
				CLANG_WARN_RANGE_LOOP_ANALYSIS = YES;
				CLANG_WARN_STRICT_PROTOTYPES = YES;
				CLANG_WARN_SUSPICIOUS_MOVE = YES;
				CLANG_WARN_UNGUARDED_AVAILABILITY = YES_AGGRESSIVE;
				CLANG_WARN_UNREACHABLE_CODE = YES;
				CLANG_WARN__DUPLICATE_METHOD_MATCH = YES;
				COPY_PHASE_STRIP = NO;
				DEBUG_INFORMATION_FORMAT = "dwarf-with-dsym";
				ENABLE_NS_ASSERTIONS = NO;
				ENABLE_STRICT_OBJC_MSGSEND = YES;
				GCC_C_LANGUAGE_STANDARD = gnu11;
				GCC_NO_COMMON_BLOCKS = YES;
				GCC_WARN_64_TO_32_BIT_CONVERSION = YES;
				GCC_WARN_ABOUT_RETURN_TYPE = YES_ERROR;
				GCC_WARN_UNDECLARED_SELECTOR = YES;
				GCC_WARN_UNINITIALIZED_AUTOS = YES_AGGRESSIVE;
				GCC_WARN_UNUSED_FUNCTION = YES;
				GCC_WARN_UNUSED_VARIABLE = YES;
				IPHONEOS_DEPLOYMENT_TARGET = 13.5;
				MTL_ENABLE_DEBUG_INFO = NO;
				MTL_FAST_MATH = YES;
				SDKROOT = iphoneos;
				SWIFT_COMPILATION_MODE = wholemodule;
				SWIFT_OPTIMIZATION_LEVEL = "-O";
				VALIDATE_PRODUCT = YES;
			};
			name = Release;
		};
		6EA5EBCA248D014900073EE4 /* Debug */ = {
			isa = XCBuildConfiguration;
			buildSettings = {
				ASSETCATALOG_COMPILER_APPICON_NAME = AppIcon;
				CODE_SIGN_STYLE = Automatic;
				DEVELOPMENT_TEAM = SJMSRXG797;
				FRAMEWORK_SEARCH_PATHS = (
					"$(inherited)",
					"$(PROJECT_DIR)/Carthage/Build/iOS",
				);
				INFOPLIST_FILE = TestTask/Info.plist;
				LD_RUNPATH_SEARCH_PATHS = (
					"$(inherited)",
					"@executable_path/Frameworks",
				);
				PRODUCT_BUNDLE_IDENTIFIER = com.asefimenko.TestTask;
				PRODUCT_NAME = "$(TARGET_NAME)";
				SWIFT_VERSION = 5.0;
				TARGETED_DEVICE_FAMILY = "1,2";
			};
			name = Debug;
		};
		6EA5EBCB248D014900073EE4 /* Release */ = {
			isa = XCBuildConfiguration;
			buildSettings = {
				ASSETCATALOG_COMPILER_APPICON_NAME = AppIcon;
				CODE_SIGN_STYLE = Automatic;
				DEVELOPMENT_TEAM = SJMSRXG797;
				FRAMEWORK_SEARCH_PATHS = (
					"$(inherited)",
					"$(PROJECT_DIR)/Carthage/Build/iOS",
				);
				INFOPLIST_FILE = TestTask/Info.plist;
				LD_RUNPATH_SEARCH_PATHS = (
					"$(inherited)",
					"@executable_path/Frameworks",
				);
				PRODUCT_BUNDLE_IDENTIFIER = com.asefimenko.TestTask;
				PRODUCT_NAME = "$(TARGET_NAME)";
				SWIFT_VERSION = 5.0;
				TARGETED_DEVICE_FAMILY = "1,2";
			};
			name = Release;
		};
/* End XCBuildConfiguration section */

/* Begin XCConfigurationList section */
		6EA5EBB0248D014800073EE4 /* Build configuration list for PBXProject "TestTask" */ = {
			isa = XCConfigurationList;
			buildConfigurations = (
				6EA5EBC7248D014900073EE4 /* Debug */,
				6EA5EBC8248D014900073EE4 /* Release */,
			);
			defaultConfigurationIsVisible = 0;
			defaultConfigurationName = Release;
		};
		6EA5EBC9248D014900073EE4 /* Build configuration list for PBXNativeTarget "TestTask" */ = {
			isa = XCConfigurationList;
			buildConfigurations = (
				6EA5EBCA248D014900073EE4 /* Debug */,
				6EA5EBCB248D014900073EE4 /* Release */,
			);
			defaultConfigurationIsVisible = 0;
			defaultConfigurationName = Release;
		};
/* End XCConfigurationList section */
	};
	rootObject = 6EA5EBAD248D014800073EE4 /* Project object */;
}
